
Microsoft Visual Studio Solution File, Format Version 12.00
# Visual Studio Version 16
VisualStudioVersion = 16.0.29926.136
MinimumVisualStudioVersion = 10.0.40219.1
Project("{FAE04EC0-301F-11D3-BF4B-00C04F79EFBC}") = "CST-227Milestone4", "CST-227Milestone4.csproj", "{F4047EDA-1D13-4239-8E33-EF719C02F893}"
EndProject
Project("{FAE04EC0-301F-11D3-BF4B-00C04F79EFBC}") = "Milestone1", "..\..\Milestone New Attempt\Milestone3CST227 (3)\Milestone2Updated\Milestone1.csproj", "{20E69BD8-8F7A-4F72-8E92-56668921020C}"
EndProject
Global
	GlobalSection(SolutionConfigurationPlatforms) = preSolution
		Debug|Any CPU = Debug|Any CPU
		Release|Any CPU = Release|Any CPU
	EndGlobalSection
	GlobalSection(ProjectConfigurationPlatforms) = postSolution
		{F4047EDA-1D13-4239-8E33-EF719C02F893}.Debug|Any CPU.ActiveCfg = Debug|Any CPU
		{F4047EDA-1D13-4239-8E33-EF719C02F893}.Debug|Any CPU.Build.0 = Debug|Any CPU
		{F4047EDA-1D13-4239-8E33-EF719C02F893}.Release|Any CPU.ActiveCfg = Release|Any CPU
		{F4047EDA-1D13-4239-8E33-EF719C02F893}.Release|Any CPU.Build.0 = Release|Any CPU
		{20E69BD8-8F7A-4F72-8E92-56668921020C}.Debug|Any CPU.ActiveCfg = Debug|Any CPU
		{20E69BD8-8F7A-4F72-8E92-56668921020C}.Debug|Any CPU.Build.0 = Debug|Any CPU
		{20E69BD8-8F7A-4F72-8E92-56668921020C}.Release|Any CPU.ActiveCfg = Release|Any CPU
		{20E69BD8-8F7A-4F72-8E92-56668921020C}.Release|Any CPU.Build.0 = Release|Any CPU
	EndGlobalSection
	GlobalSection(SolutionProperties) = preSolution
		HideSolutionNode = FALSE
	EndGlobalSection
	GlobalSection(ExtensibilityGlobals) = postSolution
		SolutionGuid = {C7B3B8BC-0564-453B-8D9B-EE5D4713B310}
	EndGlobalSection
EndGlobal
